
Microsoft Visual Studio Solution File, Format Version 12.00
# Visual Studio 15
VisualStudioVersion = 15.0.28010.2041
MinimumVisualStudioVersion = 10.0.40219.1
Project("{9A19103F-16F7-4668-BE54-9A1E7A4F7556}") = "SlotMachine.Data", "SlotMachine.Data\SlotMachine.Data.csproj", "{1AEEFBEF-CEAE-44EE-B186-630E88A8E2EC}"
EndProject
Project("{FAE04EC0-301F-11D3-BF4B-00C04F79EFBC}") = "SlotMachine.Game", "ConsoleApp1\SlotMachine.Game.csproj", "{C47066AA-AB7B-45CD-981E-7DFE483858DB}"
EndProject
Project("{9A19103F-16F7-4668-BE54-9A1E7A4F7556}") = "SlotMachine.Services", "SlotMachine.Services\SlotMachine.Services.csproj", "{1FC3435D-AF7B-474F-AE4A-100B023BAA38}"
EndProject
Project("{FAE04EC0-301F-11D3-BF4B-00C04F79EFBC}") = "SlotMachine.Controller", "SlotMachine.Controller\SlotMachine.Controller.csproj", "{3EBF2D8C-E267-4403-A899-B4286D041B88}"
EndProject
Global
	GlobalSection(SolutionConfigurationPlatforms) = preSolution
		Debug|Any CPU = Debug|Any CPU
		Release|Any CPU = Release|Any CPU
	EndGlobalSection
	GlobalSection(ProjectConfigurationPlatforms) = postSolution
		{1AEEFBEF-CEAE-44EE-B186-630E88A8E2EC}.Debug|Any CPU.ActiveCfg = Debug|Any CPU
		{1AEEFBEF-CEAE-44EE-B186-630E88A8E2EC}.Debug|Any CPU.Build.0 = Debug|Any CPU
		{1AEEFBEF-CEAE-44EE-B186-630E88A8E2EC}.Release|Any CPU.ActiveCfg = Release|Any CPU
		{1AEEFBEF-CEAE-44EE-B186-630E88A8E2EC}.Release|Any CPU.Build.0 = Release|Any CPU
		{C47066AA-AB7B-45CD-981E-7DFE483858DB}.Debug|Any CPU.ActiveCfg = Debug|Any CPU
		{C47066AA-AB7B-45CD-981E-7DFE483858DB}.Debug|Any CPU.Build.0 = Debug|Any CPU
		{C47066AA-AB7B-45CD-981E-7DFE483858DB}.Release|Any CPU.ActiveCfg = Release|Any CPU
		{C47066AA-AB7B-45CD-981E-7DFE483858DB}.Release|Any CPU.Build.0 = Release|Any CPU
		{1FC3435D-AF7B-474F-AE4A-100B023BAA38}.Debug|Any CPU.ActiveCfg = Debug|Any CPU
		{1FC3435D-AF7B-474F-AE4A-100B023BAA38}.Debug|Any CPU.Build.0 = Debug|Any CPU
		{1FC3435D-AF7B-474F-AE4A-100B023BAA38}.Release|Any CPU.ActiveCfg = Release|Any CPU
		{1FC3435D-AF7B-474F-AE4A-100B023BAA38}.Release|Any CPU.Build.0 = Release|Any CPU
		{3EBF2D8C-E267-4403-A899-B4286D041B88}.Debug|Any CPU.ActiveCfg = Debug|Any CPU
		{3EBF2D8C-E267-4403-A899-B4286D041B88}.Debug|Any CPU.Build.0 = Debug|Any CPU
		{3EBF2D8C-E267-4403-A899-B4286D041B88}.Release|Any CPU.ActiveCfg = Release|Any CPU
		{3EBF2D8C-E267-4403-A899-B4286D041B88}.Release|Any CPU.Build.0 = Release|Any CPU
	EndGlobalSection
	GlobalSection(SolutionProperties) = preSolution
		HideSolutionNode = FALSE
	EndGlobalSection
	GlobalSection(ExtensibilityGlobals) = postSolution
		SolutionGuid = {1F7469C3-4285-4664-996B-203D1C816A69}
	EndGlobalSection
EndGlobal
